// !$*UTF8*$!
{
	archiveVersion = 1;
	classes = {
	};
	objectVersion = 50;
	objects = {

/* Begin PBXBuildFile section */
		ACC0E6F321AF3CF9001D4698 /* MnistModel.mlmodel in Sources */ = {isa = PBXBuildFile; fileRef = ACC0E6F221AF3CF9001D4698 /* MnistModel.mlmodel */; };
		ACC0E6F521AF4DD9001D4698 /* DrawingImageView.swift in Sources */ = {isa = PBXBuildFile; fileRef = ACC0E6F421AF4DD9001D4698 /* DrawingImageView.swift */; };
		ACC0E6FB21B002E3001D4698 /* Question.swift in Sources */ = {isa = PBXBuildFile; fileRef = ACC0E6FA21B002E3001D4698 /* Question.swift */; };
		ACC0E6FD21B00449001D4698 /* QuestionsFactory.swift in Sources */ = {isa = PBXBuildFile; fileRef = ACC0E6FC21B00449001D4698 /* QuestionsFactory.swift */; };
		ACEB906321AEFB9900E03AFA /* AppDelegate.swift in Sources */ = {isa = PBXBuildFile; fileRef = ACEB906221AEFB9900E03AFA /* AppDelegate.swift */; };
		ACEB906521AEFB9900E03AFA /* ViewController.swift in Sources */ = {isa = PBXBuildFile; fileRef = ACEB906421AEFB9900E03AFA /* ViewController.swift */; };
		ACEB906821AEFB9900E03AFA /* Main.storyboard in Resources */ = {isa = PBXBuildFile; fileRef = ACEB906621AEFB9900E03AFA /* Main.storyboard */; };
		ACEB906A21AEFB9A00E03AFA /* Assets.xcassets in Resources */ = {isa = PBXBuildFile; fileRef = ACEB906921AEFB9A00E03AFA /* Assets.xcassets */; };
		ACEB906D21AEFB9A00E03AFA /* LaunchScreen.storyboard in Resources */ = {isa = PBXBuildFile; fileRef = ACEB906B21AEFB9A00E03AFA /* LaunchScreen.storyboard */; };
/* End PBXBuildFile section */

/* Begin PBXFileReference section */
		ACC0E6F221AF3CF9001D4698 /* MnistModel.mlmodel */ = {isa = PBXFileReference; lastKnownFileType = file.mlmodel; path = MnistModel.mlmodel; sourceTree = "<group>"; };
		ACC0E6F421AF4DD9001D4698 /* DrawingImageView.swift */ = {isa = PBXFileReference; lastKnownFileType = sourcecode.swift; path = DrawingImageView.swift; sourceTree = "<group>"; };
		ACC0E6FA21B002E3001D4698 /* Question.swift */ = {isa = PBXFileReference; lastKnownFileType = sourcecode.swift; path = Question.swift; sourceTree = "<group>"; };
		ACC0E6FC21B00449001D4698 /* QuestionsFactory.swift */ = {isa = PBXFileReference; lastKnownFileType = sourcecode.swift; path = QuestionsFactory.swift; sourceTree = "<group>"; };
		ACEB905F21AEFB9900E03AFA /* MathsTraining.app */ = {isa = PBXFileReference; explicitFileType = wrapper.application; includeInIndex = 0; path = MathsTraining.app; sourceTree = BUILT_PRODUCTS_DIR; };
		ACEB906221AEFB9900E03AFA /* AppDelegate.swift */ = {isa = PBXFileReference; lastKnownFileType = sourcecode.swift; path = AppDelegate.swift; sourceTree = "<group>"; };
		ACEB906421AEFB9900E03AFA /* ViewController.swift */ = {isa = PBXFileReference; lastKnownFileType = sourcecode.swift; path = ViewController.swift; sourceTree = "<group>"; };
		ACEB906721AEFB9900E03AFA /* Base */ = {isa = PBXFileReference; lastKnownFileType = file.storyboard; name = Base; path = Base.lproj/Main.storyboard; sourceTree = "<group>"; };
		ACEB906921AEFB9A00E03AFA /* Assets.xcassets */ = {isa = PBXFileReference; lastKnownFileType = folder.assetcatalog; path = Assets.xcassets; sourceTree = "<group>"; };
		ACEB906C21AEFB9A00E03AFA /* Base */ = {isa = PBXFileReference; lastKnownFileType = file.storyboard; name = Base; path = Base.lproj/LaunchScreen.storyboard; sourceTree = "<group>"; };
		ACEB906E21AEFB9A00E03AFA /* Info.plist */ = {isa = PBXFileReference; lastKnownFileType = text.plist.xml; path = Info.plist; sourceTree = "<group>"; };
/* End PBXFileReference section */

/* Begin PBXFrameworksBuildPhase section */
		ACEB905C21AEFB9900E03AFA /* Frameworks */ = {
			isa = PBXFrameworksBuildPhase;
			buildActionMask = 2147483647;
			files = (
			);
			runOnlyForDeploymentPostprocessing = 0;
		};
/* End PBXFrameworksBuildPhase section */

/* Begin PBXGroup section */
		ACC0E6F621AF4E0C001D4698 /* Model */ = {
			isa = PBXGroup;
			children = (
				ACC0E6FA21B002E3001D4698 /* Question.swift */,
				ACC0E6FC21B00449001D4698 /* QuestionsFactory.swift */,
			);
			path = Model;
			sourceTree = "<group>";
		};
		ACC0E6F721AF4E15001D4698 /* Controller */ = {
			isa = PBXGroup;
			children = (
				ACEB906221AEFB9900E03AFA /* AppDelegate.swift */,
				ACEB906421AEFB9900E03AFA /* ViewController.swift */,
			);
			path = Controller;
			sourceTree = "<group>";
		};
		ACC0E6F821AF4E1E001D4698 /* Supporting Files */ = {
			isa = PBXGroup;
			children = (
				ACEB906921AEFB9A00E03AFA /* Assets.xcassets */,
				ACEB906E21AEFB9A00E03AFA /* Info.plist */,
				ACC0E6F221AF3CF9001D4698 /* MnistModel.mlmodel */,
			);
			path = "Supporting Files";
			sourceTree = "<group>";
		};
		ACC0E6F921AF4E75001D4698 /* View */ = {
			isa = PBXGroup;
			children = (
				ACC0E6F421AF4DD9001D4698 /* DrawingImageView.swift */,
				ACEB906621AEFB9900E03AFA /* Main.storyboard */,
				ACEB906B21AEFB9A00E03AFA /* LaunchScreen.storyboard */,
			);
			path = View;
			sourceTree = "<group>";
		};
		ACEB905621AEFB9800E03AFA = {
			isa = PBXGroup;
			children = (
				ACEB906121AEFB9900E03AFA /* MathsTraining */,
				ACEB906021AEFB9900E03AFA /* Products */,
			);
			sourceTree = "<group>";
		};
		ACEB906021AEFB9900E03AFA /* Products */ = {
			isa = PBXGroup;
			children = (
				ACEB905F21AEFB9900E03AFA /* MathsTraining.app */,
			);
			name = Products;
			sourceTree = "<group>";
		};
		ACEB906121AEFB9900E03AFA /* MathsTraining */ = {
			isa = PBXGroup;
			children = (
				ACC0E6F921AF4E75001D4698 /* View */,
				ACC0E6F721AF4E15001D4698 /* Controller */,
				ACC0E6F621AF4E0C001D4698 /* Model */,
				ACC0E6F821AF4E1E001D4698 /* Supporting Files */,
			);
			path = MathsTraining;
			sourceTree = "<group>";
		};
/* End PBXGroup section */

/* Begin PBXNativeTarget section */
		ACEB905E21AEFB9900E03AFA /* MathsTraining */ = {
			isa = PBXNativeTarget;
			buildConfigurationList = ACEB907121AEFB9A00E03AFA /* Build configuration list for PBXNativeTarget "MathsTraining" */;
			buildPhases = (
				ACEB905B21AEFB9900E03AFA /* Sources */,
				ACEB905C21AEFB9900E03AFA /* Frameworks */,
				ACEB905D21AEFB9900E03AFA /* Resources */,
			);
			buildRules = (
			);
			dependencies = (
			);
			name = MathsTraining;
			productName = MathsTraining;
			productReference = ACEB905F21AEFB9900E03AFA /* MathsTraining.app */;
			productType = "com.apple.product-type.application";
		};
/* End PBXNativeTarget section */

/* Begin PBXProject section */
		ACEB905721AEFB9800E03AFA /* Project object */ = {
			isa = PBXProject;
			attributes = {
				LastSwiftUpdateCheck = 1010;
				LastUpgradeCheck = 1010;
				ORGANIZATIONNAME = "Cristian Lopez";
				TargetAttributes = {
					ACEB905E21AEFB9900E03AFA = {
						CreatedOnToolsVersion = 10.1;
					};
				};
			};
			buildConfigurationList = ACEB905A21AEFB9800E03AFA /* Build configuration list for PBXProject "MathsTraining" */;
			compatibilityVersion = "Xcode 9.3";
			developmentRegion = en;
			hasScannedForEncodings = 0;
			knownRegions = (
				en,
				Base,
			);
			mainGroup = ACEB905621AEFB9800E03AFA;
			productRefGroup = ACEB906021AEFB9900E03AFA /* Products */;
			projectDirPath = "";
			projectRoot = "";
			targets = (
				ACEB905E21AEFB9900E03AFA /* MathsTraining */,
			);
		};
/* End PBXProject section */

/* Begin PBXResourcesBuildPhase section */
		ACEB905D21AEFB9900E03AFA /* Resources */ = {
			isa = PBXResourcesBuildPhase;
			buildActionMask = 2147483647;
			files = (
				ACEB906D21AEFB9A00E03AFA /* LaunchScreen.storyboard in Resources */,
				ACEB906A21AEFB9A00E03AFA /* Assets.xcassets in Resources */,
				ACEB906821AEFB9900E03AFA /* Main.storyboard in Resources */,
			);
			runOnlyForDeploymentPostprocessing = 0;
		};
/* End PBXResourcesBuildPhase section */

/* Begin PBXSourcesBuildPhase section */
		ACEB905B21AEFB9900E03AFA /* Sources */ = {
			isa = PBXSourcesBuildPhase;
			buildActionMask = 2147483647;
			files = (
				ACC0E6FB21B002E3001D4698 /* Question.swift in Sources */,
				ACEB906521AEFB9900E03AFA /* ViewController.swift in Sources */,
				ACC0E6FD21B00449001D4698 /* QuestionsFactory.swift in Sources */,
				ACEB906321AEFB9900E03AFA /* AppDelegate.swift in Sources */,
				ACC0E6F321AF3CF9001D4698 /* MnistModel.mlmodel in Sources */,
				ACC0E6F521AF4DD9001D4698 /* DrawingImageView.swift in Sources */,
			);
			runOnlyForDeploymentPostprocessing = 0;
		};
/* End PBXSourcesBuildPhase section */

/* Begin PBXVariantGroup section */
		ACEB906621AEFB9900E03AFA /* Main.storyboard */ = {
			isa = PBXVariantGroup;
			children = (
				ACEB906721AEFB9900E03AFA /* Base */,
			);
			name = Main.storyboard;
			sourceTree = "<group>";
		};
		ACEB906B21AEFB9A00E03AFA /* LaunchScreen.storyboard */ = {
			isa = PBXVariantGroup;
			children = (
				ACEB906C21AEFB9A00E03AFA /* Base */,
			);
			name = LaunchScreen.storyboard;
			sourceTree = "<group>";
		};
/* End PBXVariantGroup section */

/* Begin XCBuildConfiguration section */
		ACEB906F21AEFB9A00E03AFA /* Debug */ = {
			isa = XCBuildConfiguration;
			buildSettings = {
				ALWAYS_SEARCH_USER_PATHS = NO;
				CLANG_ANALYZER_NONNULL = YES;
				CLANG_ANALYZER_NUMBER_OBJECT_CONVERSION = YES_AGGRESSIVE;
				CLANG_CXX_LANGUAGE_STANDARD = "gnu++14";
				CLANG_CXX_LIBRARY = "libc++";
				CLANG_ENABLE_MODULES = YES;
				CLANG_ENABLE_OBJC_ARC = YES;
				CLANG_ENABLE_OBJC_WEAK = YES;
				CLANG_WARN_BLOCK_CAPTURE_AUTORELEASING = YES;
				CLANG_WARN_BOOL_CONVERSION = YES;
				CLANG_WARN_COMMA = YES;
				CLANG_WARN_CONSTANT_CONVERSION = YES;
				CLANG_WARN_DEPRECATED_OBJC_IMPLEMENTATIONS = YES;
				CLANG_WARN_DIRECT_OBJC_ISA_USAGE = YES_ERROR;
				CLANG_WARN_DOCUMENTATION_COMMENTS = YES;
				CLANG_WARN_EMPTY_BODY = YES;
				CLANG_WARN_ENUM_CONVERSION = YES;
				CLANG_WARN_INFINITE_RECURSION = YES;
				CLANG_WARN_INT_CONVERSION = YES;
				CLANG_WARN_NON_LITERAL_NULL_CONVERSION = YES;
				CLANG_WARN_OBJC_IMPLICIT_RETAIN_SELF = YES;
				CLANG_WARN_OBJC_LITERAL_CONVERSION = YES;
				CLANG_WARN_OBJC_ROOT_CLASS = YES_ERROR;
				CLANG_WARN_RANGE_LOOP_ANALYSIS = YES;
				CLANG_WARN_STRICT_PROTOTYPES = YES;
				CLANG_WARN_SUSPICIOUS_MOVE = YES;
				CLANG_WARN_UNGUARDED_AVAILABILITY = YES_AGGRESSIVE;
				CLANG_WARN_UNREACHABLE_CODE = YES;
				CLANG_WARN__DUPLICATE_METHOD_MATCH = YES;
				CODE_SIGN_IDENTITY = "iPhone Developer";
				COPY_PHASE_STRIP = NO;
				DEBUG_INFORMATION_FORMAT = dwarf;
				ENABLE_STRICT_OBJC_MSGSEND = YES;
				ENABLE_TESTABILITY = YES;
				GCC_C_LANGUAGE_STANDARD = gnu11;
				GCC_DYNAMIC_NO_PIC = NO;
				GCC_NO_COMMON_BLOCKS = YES;
				GCC_OPTIMIZATION_LEVEL = 0;
				GCC_PREPROCESSOR_DEFINITIONS = (
					"DEBUG=1",
					"$(inherited)",
				);
				GCC_WARN_64_TO_32_BIT_CONVERSION = YES;
				GCC_WARN_ABOUT_RETURN_TYPE = YES_ERROR;
				GCC_WARN_UNDECLARED_SELECTOR = YES;
				GCC_WARN_UNINITIALIZED_AUTOS = YES_AGGRESSIVE;
				GCC_WARN_UNUSED_FUNCTION = YES;
				GCC_WARN_UNUSED_VARIABLE = YES;
				IPHONEOS_DEPLOYMENT_TARGET = 12.1;
				MTL_ENABLE_DEBUG_INFO = INCLUDE_SOURCE;
				MTL_FAST_MATH = YES;
				ONLY_ACTIVE_ARCH = YES;
				SDKROOT = iphoneos;
				SWIFT_ACTIVE_COMPILATION_CONDITIONS = DEBUG;
				SWIFT_OPTIMIZATION_LEVEL = "-Onone";
			};
			name = Debug;
		};
		ACEB907021AEFB9A00E03AFA /* Release */ = {
			isa = XCBuildConfiguration;
			buildSettings = {
				ALWAYS_SEARCH_USER_PATHS = NO;
				CLANG_ANALYZER_NONNULL = YES;
				CLANG_ANALYZER_NUMBER_OBJECT_CONVERSION = YES_AGGRESSIVE;
				CLANG_CXX_LANGUAGE_STANDARD = "gnu++14";
				CLANG_CXX_LIBRARY = "libc++";
				CLANG_ENABLE_MODULES = YES;
				CLANG_ENABLE_OBJC_ARC = YES;
				CLANG_ENABLE_OBJC_WEAK = YES;
				CLANG_WARN_BLOCK_CAPTURE_AUTORELEASING = YES;
				CLANG_WARN_BOOL_CONVERSION = YES;
				CLANG_WARN_COMMA = YES;
				CLANG_WARN_CONSTANT_CONVERSION = YES;
				CLANG_WARN_DEPRECATED_OBJC_IMPLEMENTATIONS = YES;
				CLANG_WARN_DIRECT_OBJC_ISA_USAGE = YES_ERROR;
				CLANG_WARN_DOCUMENTATION_COMMENTS = YES;
				CLANG_WARN_EMPTY_BODY = YES;
				CLANG_WARN_ENUM_CONVERSION = YES;
				CLANG_WARN_INFINITE_RECURSION = YES;
				CLANG_WARN_INT_CONVERSION = YES;
				CLANG_WARN_NON_LITERAL_NULL_CONVERSION = YES;
				CLANG_WARN_OBJC_IMPLICIT_RETAIN_SELF = YES;
				CLANG_WARN_OBJC_LITERAL_CONVERSION = YES;
				CLANG_WARN_OBJC_ROOT_CLASS = YES_ERROR;
				CLANG_WARN_RANGE_LOOP_ANALYSIS = YES;
				CLANG_WARN_STRICT_PROTOTYPES = YES;
				CLANG_WARN_SUSPICIOUS_MOVE = YES;
				CLANG_WARN_UNGUARDED_AVAILABILITY = YES_AGGRESSIVE;
				CLANG_WARN_UNREACHABLE_CODE = YES;
				CLANG_WARN__DUPLICATE_METHOD_MATCH = YES;
				CODE_SIGN_IDENTITY = "iPhone Developer";
				COPY_PHASE_STRIP = NO;
				DEBUG_INFORMATION_FORMAT = "dwarf-with-dsym";
				ENABLE_NS_ASSERTIONS = NO;
				ENABLE_STRICT_OBJC_MSGSEND = YES;
				GCC_C_LANGUAGE_STANDARD = gnu11;
				GCC_NO_COMMON_BLOCKS = YES;
				GCC_WARN_64_TO_32_BIT_CONVERSION = YES;
				GCC_WARN_ABOUT_RETURN_TYPE = YES_ERROR;
				GCC_WARN_UNDECLARED_SELECTOR = YES;
				GCC_WARN_UNINITIALIZED_AUTOS = YES_AGGRESSIVE;
				GCC_WARN_UNUSED_FUNCTION = YES;
				GCC_WARN_UNUSED_VARIABLE = YES;
				IPHONEOS_DEPLOYMENT_TARGET = 12.1;
				MTL_ENABLE_DEBUG_INFO = NO;
				MTL_FAST_MATH = YES;
				SDKROOT = iphoneos;
				SWIFT_COMPILATION_MODE = wholemodule;
				SWIFT_OPTIMIZATION_LEVEL = "-O";
				VALIDATE_PRODUCT = YES;
			};
			name = Release;
		};
		ACEB907221AEFB9A00E03AFA /* Debug */ = {
			isa = XCBuildConfiguration;
			buildSettings = {
				ASSETCATALOG_COMPILER_APPICON_NAME = AppIcon;
				CODE_SIGN_STYLE = Automatic;
				DEVELOPMENT_TEAM = LX4P693W2D;
				INFOPLIST_FILE = "$(SRCROOT)/MathsTraining/Supporting Files/Info.plist";
				LD_RUNPATH_SEARCH_PATHS = (
					"$(inherited)",
					"@executable_path/Frameworks",
				);
				PRODUCT_BUNDLE_IDENTIFIER = tk.cristianlopez.MathsTraining;
				PRODUCT_NAME = "$(TARGET_NAME)";
				SWIFT_VERSION = 4.2;
				TARGETED_DEVICE_FAMILY = "1,2";
			};
			name = Debug;
		};
		ACEB907321AEFB9A00E03AFA /* Release */ = {
			isa = XCBuildConfiguration;
			buildSettings = {
				ASSETCATALOG_COMPILER_APPICON_NAME = AppIcon;
				CODE_SIGN_STYLE = Automatic;
				DEVELOPMENT_TEAM = LX4P693W2D;
				INFOPLIST_FILE = "$(SRCROOT)/MathsTraining/Supporting Files/Info.plist";
				LD_RUNPATH_SEARCH_PATHS = (
					"$(inherited)",
					"@executable_path/Frameworks",
				);
				PRODUCT_BUNDLE_IDENTIFIER = tk.cristianlopez.MathsTraining;
				PRODUCT_NAME = "$(TARGET_NAME)";
				SWIFT_VERSION = 4.2;
				TARGETED_DEVICE_FAMILY = "1,2";
			};
			name = Release;
		};
/* End XCBuildConfiguration section */

/* Begin XCConfigurationList section */
		ACEB905A21AEFB9800E03AFA /* Build configuration list for PBXProject "MathsTraining" */ = {
			isa = XCConfigurationList;
			buildConfigurations = (
				ACEB906F21AEFB9A00E03AFA /* Debug */,
				ACEB907021AEFB9A00E03AFA /* Release */,
			);
			defaultConfigurationIsVisible = 0;
			defaultConfigurationName = Release;
		};
		ACEB907121AEFB9A00E03AFA /* Build configuration list for PBXNativeTarget "MathsTraining" */ = {
			isa = XCConfigurationList;
			buildConfigurations = (
				ACEB907221AEFB9A00E03AFA /* Debug */,
				ACEB907321AEFB9A00E03AFA /* Release */,
			);
			defaultConfigurationIsVisible = 0;
			defaultConfigurationName = Release;
		};
/* End XCConfigurationList section */
	};
	rootObject = ACEB905721AEFB9800E03AFA /* Project object */;
}
